
Microsoft Visual Studio Solution File, Format Version 12.00
# Visual Studio 2013
VisualStudioVersion = 12.0.31101.0
MinimumVisualStudioVersion = 10.0.40219.1
Project("{FAE04EC0-301F-11D3-BF4B-00C04F79EFBC}") = "AIAWebApp", "AIAWebApp\AIAWebApp.csproj", "{5BE4D26A-7BA8-4274-9D28-A73AA2261984}"
EndProject
Project("{FAE04EC0-301F-11D3-BF4B-00C04F79EFBC}") = "AIAWebApp.Tests", "AIAWebApp.Tests\AIAWebApp.Tests.csproj", "{5C9AD8A9-A716-4622-9A14-05E36D79672F}"
EndProject
Project("{FAE04EC0-301F-11D3-BF4B-00C04F79EFBC}") = "AIADataModels", "..\AIADataModels\AIADataModels\AIADataModels.csproj", "{923CF49F-BB44-4402-9D66-D687815E63C0}"
EndProject
Global
	GlobalSection(TeamFoundationVersionControl) = preSolution
		SccNumberOfProjects = 4
		SccEnterpriseProvider = {4CA58AB2-18FA-4F8D-95D4-32DDF27D184C}
		SccTeamFoundationServer = https://tfs13.dcs.avanade.com/tfs/gld
		SccLocalPath0 = .
		SccProjectUniqueName1 = AIAWebApp.Tests\\AIAWebApp.Tests.csproj
		SccProjectName1 = AIAWebApp.Tests
		SccLocalPath1 = AIAWebApp.Tests
		SccProjectUniqueName2 = AIAWebApp\\AIAWebApp.csproj
		SccProjectName2 = AIAWebApp
		SccLocalPath2 = AIAWebApp
		SccProjectUniqueName3 = ..\\AIADataModels\\AIADataModels\\AIADataModels.csproj
		SccProjectName3 = ../AIADataModels/AIADataModels
		SccLocalPath3 = ..\\AIADataModels\\AIADataModels
	EndGlobalSection
	GlobalSection(SolutionConfigurationPlatforms) = preSolution
		Debug|Any CPU = Debug|Any CPU
		Release|Any CPU = Release|Any CPU
	EndGlobalSection
	GlobalSection(ProjectConfigurationPlatforms) = postSolution
		{5BE4D26A-7BA8-4274-9D28-A73AA2261984}.Debug|Any CPU.ActiveCfg = Debug|Any CPU
		{5BE4D26A-7BA8-4274-9D28-A73AA2261984}.Debug|Any CPU.Build.0 = Debug|Any CPU
		{5BE4D26A-7BA8-4274-9D28-A73AA2261984}.Release|Any CPU.ActiveCfg = Release|Any CPU
		{5BE4D26A-7BA8-4274-9D28-A73AA2261984}.Release|Any CPU.Build.0 = Release|Any CPU
		{5C9AD8A9-A716-4622-9A14-05E36D79672F}.Debug|Any CPU.ActiveCfg = Debug|Any CPU
		{5C9AD8A9-A716-4622-9A14-05E36D79672F}.Debug|Any CPU.Build.0 = Debug|Any CPU
		{5C9AD8A9-A716-4622-9A14-05E36D79672F}.Release|Any CPU.ActiveCfg = Release|Any CPU
		{5C9AD8A9-A716-4622-9A14-05E36D79672F}.Release|Any CPU.Build.0 = Release|Any CPU
		{923CF49F-BB44-4402-9D66-D687815E63C0}.Debug|Any CPU.ActiveCfg = Debug|Any CPU
		{923CF49F-BB44-4402-9D66-D687815E63C0}.Debug|Any CPU.Build.0 = Debug|Any CPU
		{923CF49F-BB44-4402-9D66-D687815E63C0}.Release|Any CPU.ActiveCfg = Release|Any CPU
		{923CF49F-BB44-4402-9D66-D687815E63C0}.Release|Any CPU.Build.0 = Release|Any CPU
	EndGlobalSection
	GlobalSection(SolutionProperties) = preSolution
		HideSolutionNode = FALSE
	EndGlobalSection
EndGlobal
